
Microsoft Visual Studio Solution File, Format Version 12.00
# Visual Studio Version 16
VisualStudioVersion = 16.0.30114.105
MinimumVisualStudioVersion = 10.0.40219.1
Project("{FAE04EC0-301F-11D3-BF4B-00C04F79EFBC}") = "UI", "UI\UI.csproj", "{5A738BEA-112C-41F1-9FD2-F46847AF0AAC}"
EndProject
Project("{FAE04EC0-301F-11D3-BF4B-00C04F79EFBC}") = "Models", "Models\Models.csproj", "{05D892E0-6BB9-4697-8DD4-23949786F31F}"
EndProject
Project("{FAE04EC0-301F-11D3-BF4B-00C04F79EFBC}") = "DL", "DL\DL.csproj", "{F6DD01CA-9FC5-482E-9FD3-81C4BB8D102E}"
EndProject
Project("{FAE04EC0-301F-11D3-BF4B-00C04F79EFBC}") = "BL", "BL\BL.csproj", "{1C311062-5038-4A95-A593-1EABA892C819}"
EndProject
Global
	GlobalSection(SolutionConfigurationPlatforms) = preSolution
		Debug|Any CPU = Debug|Any CPU
		Release|Any CPU = Release|Any CPU
	EndGlobalSection
	GlobalSection(SolutionProperties) = preSolution
		HideSolutionNode = FALSE
	EndGlobalSection
	GlobalSection(ProjectConfigurationPlatforms) = postSolution
		{5A738BEA-112C-41F1-9FD2-F46847AF0AAC}.Debug|Any CPU.ActiveCfg = Debug|Any CPU
		{5A738BEA-112C-41F1-9FD2-F46847AF0AAC}.Debug|Any CPU.Build.0 = Debug|Any CPU
		{5A738BEA-112C-41F1-9FD2-F46847AF0AAC}.Release|Any CPU.ActiveCfg = Release|Any CPU
		{5A738BEA-112C-41F1-9FD2-F46847AF0AAC}.Release|Any CPU.Build.0 = Release|Any CPU
		{05D892E0-6BB9-4697-8DD4-23949786F31F}.Debug|Any CPU.ActiveCfg = Debug|Any CPU
		{05D892E0-6BB9-4697-8DD4-23949786F31F}.Debug|Any CPU.Build.0 = Debug|Any CPU
		{05D892E0-6BB9-4697-8DD4-23949786F31F}.Release|Any CPU.ActiveCfg = Release|Any CPU
		{05D892E0-6BB9-4697-8DD4-23949786F31F}.Release|Any CPU.Build.0 = Release|Any CPU
		{F6DD01CA-9FC5-482E-9FD3-81C4BB8D102E}.Debug|Any CPU.ActiveCfg = Debug|Any CPU
		{F6DD01CA-9FC5-482E-9FD3-81C4BB8D102E}.Debug|Any CPU.Build.0 = Debug|Any CPU
		{F6DD01CA-9FC5-482E-9FD3-81C4BB8D102E}.Release|Any CPU.ActiveCfg = Release|Any CPU
		{F6DD01CA-9FC5-482E-9FD3-81C4BB8D102E}.Release|Any CPU.Build.0 = Release|Any CPU
		{1C311062-5038-4A95-A593-1EABA892C819}.Debug|Any CPU.ActiveCfg = Debug|Any CPU
		{1C311062-5038-4A95-A593-1EABA892C819}.Debug|Any CPU.Build.0 = Debug|Any CPU
		{1C311062-5038-4A95-A593-1EABA892C819}.Release|Any CPU.ActiveCfg = Release|Any CPU
		{1C311062-5038-4A95-A593-1EABA892C819}.Release|Any CPU.Build.0 = Release|Any CPU
	EndGlobalSection
EndGlobal
